
Microsoft Visual Studio Solution File, Format Version 12.00
# Visual Studio Version 16
VisualStudioVersion = 16.0.31515.178
MinimumVisualStudioVersion = 10.0.40219.1
Project("{FAE04EC0-301F-11D3-BF4B-00C04F79EFBC}") = "ZeroAtTheEndOfArray", "ZeroAtTheEndOfArray.csproj", "{8669A326-890C-4CEF-B95B-E430C09AD3D9}"
EndProject
Global
	GlobalSection(SolutionConfigurationPlatforms) = preSolution
		Debug|Any CPU = Debug|Any CPU
		Release|Any CPU = Release|Any CPU
	EndGlobalSection
	GlobalSection(ProjectConfigurationPlatforms) = postSolution
		{8669A326-890C-4CEF-B95B-E430C09AD3D9}.Debug|Any CPU.ActiveCfg = Debug|Any CPU
		{8669A326-890C-4CEF-B95B-E430C09AD3D9}.Debug|Any CPU.Build.0 = Debug|Any CPU
		{8669A326-890C-4CEF-B95B-E430C09AD3D9}.Release|Any CPU.ActiveCfg = Release|Any CPU
		{8669A326-890C-4CEF-B95B-E430C09AD3D9}.Release|Any CPU.Build.0 = Release|Any CPU
	EndGlobalSection
	GlobalSection(SolutionProperties) = preSolution
		HideSolutionNode = FALSE
	EndGlobalSection
	GlobalSection(ExtensibilityGlobals) = postSolution
		SolutionGuid = {84892CF9-4F60-41DA-B4B6-0727522F65D4}
	EndGlobalSection
EndGlobal
