
Microsoft Visual Studio Solution File, Format Version 12.00
# Visual Studio Version 16
VisualStudioVersion = 16.0.31515.178
MinimumVisualStudioVersion = 10.0.40219.1
Project("{FAE04EC0-301F-11D3-BF4B-00C04F79EFBC}") = "Sort_Array", "Sort_Array.csproj", "{6EFE1880-C5A7-4DB9-94A7-1EEB48E51CEE}"
EndProject
Global
	GlobalSection(SolutionConfigurationPlatforms) = preSolution
		Debug|Any CPU = Debug|Any CPU
		Release|Any CPU = Release|Any CPU
	EndGlobalSection
	GlobalSection(ProjectConfigurationPlatforms) = postSolution
		{6EFE1880-C5A7-4DB9-94A7-1EEB48E51CEE}.Debug|Any CPU.ActiveCfg = Debug|Any CPU
		{6EFE1880-C5A7-4DB9-94A7-1EEB48E51CEE}.Debug|Any CPU.Build.0 = Debug|Any CPU
		{6EFE1880-C5A7-4DB9-94A7-1EEB48E51CEE}.Release|Any CPU.ActiveCfg = Release|Any CPU
		{6EFE1880-C5A7-4DB9-94A7-1EEB48E51CEE}.Release|Any CPU.Build.0 = Release|Any CPU
	EndGlobalSection
	GlobalSection(SolutionProperties) = preSolution
		HideSolutionNode = FALSE
	EndGlobalSection
	GlobalSection(ExtensibilityGlobals) = postSolution
		SolutionGuid = {312A0F12-4A67-4039-8F16-4860B6225619}
	EndGlobalSection
EndGlobal
